
Microsoft Visual Studio Solution File, Format Version 12.00
# Visual Studio Version 17
VisualStudioVersion = 17.14.37203.1
MinimumVisualStudioVersion = 10.0.40219.1
Project("{FAE04EC0-301F-11D3-BF4B-00C04F79EFBC}") = "ShopLibrary", "ShopLibrary\ShopLibrary.csproj", "{A2BFA10E-CEE3-4F98-9A8B-33706DDB710E}"
EndProject
Project("{FAE04EC0-301F-11D3-BF4B-00C04F79EFBC}") = "WebApiProject", "WebApiProject\WebApiProject.csproj", "{244DEB72-AED7-4834-931D-93D3320EC8B1}"
EndProject
Project("{FAE04EC0-301F-11D3-BF4B-00C04F79EFBC}") = "WebAppProject", "WebAppProject\WebAppProject.csproj", "{41B61BD3-6C8A-4807-9851-E5E826661F6B}"
EndProject
Global
	GlobalSection(SolutionConfigurationPlatforms) = preSolution
		Debug|Any CPU = Debug|Any CPU
		Release|Any CPU = Release|Any CPU
	EndGlobalSection
	GlobalSection(ProjectConfigurationPlatforms) = postSolution
		{A2BFA10E-CEE3-4F98-9A8B-33706DDB710E}.Debug|Any CPU.ActiveCfg = Debug|Any CPU
		{A2BFA10E-CEE3-4F98-9A8B-33706DDB710E}.Debug|Any CPU.Build.0 = Debug|Any CPU
		{A2BFA10E-CEE3-4F98-9A8B-33706DDB710E}.Release|Any CPU.ActiveCfg = Release|Any CPU
		{A2BFA10E-CEE3-4F98-9A8B-33706DDB710E}.Release|Any CPU.Build.0 = Release|Any CPU
		{244DEB72-AED7-4834-931D-93D3320EC8B1}.Debug|Any CPU.ActiveCfg = Debug|Any CPU
		{244DEB72-AED7-4834-931D-93D3320EC8B1}.Debug|Any CPU.Build.0 = Debug|Any CPU
		{244DEB72-AED7-4834-931D-93D3320EC8B1}.Release|Any CPU.ActiveCfg = Release|Any CPU
		{244DEB72-AED7-4834-931D-93D3320EC8B1}.Release|Any CPU.Build.0 = Release|Any CPU
		{41B61BD3-6C8A-4807-9851-E5E826661F6B}.Debug|Any CPU.ActiveCfg = Debug|Any CPU
		{41B61BD3-6C8A-4807-9851-E5E826661F6B}.Debug|Any CPU.Build.0 = Debug|Any CPU
		{41B61BD3-6C8A-4807-9851-E5E826661F6B}.Release|Any CPU.ActiveCfg = Release|Any CPU
		{41B61BD3-6C8A-4807-9851-E5E826661F6B}.Release|Any CPU.Build.0 = Release|Any CPU
	EndGlobalSection
	GlobalSection(SolutionProperties) = preSolution
		HideSolutionNode = FALSE
	EndGlobalSection
	GlobalSection(ExtensibilityGlobals) = postSolution
		SolutionGuid = {8E9CBFEF-CFBB-4222-9856-A3CB83EE833C}
	EndGlobalSection
EndGlobal
